// !$*UTF8*$!
{
	archiveVersion = 1;
	classes = {
	};
	objectVersion = 46;
	objects = {

/* Begin PBXBuildFile section */
		749109B11A7CCB0F00C2D332 /* CoreLocation.framework in Frameworks */ = {isa = PBXBuildFile; fileRef = 749109B01A7CCB0F00C2D332 /* CoreLocation.framework */; };
		74BEAF5D1A7D84DC00FED9CF /* NewEventViewController.swift in Sources */ = {isa = PBXBuildFile; fileRef = 74BEAF5C1A7D84DC00FED9CF /* NewEventViewController.swift */; };
		74C98CD41A7D33A3005E54D8 /* MapKit.framework in Frameworks */ = {isa = PBXBuildFile; fileRef = 74C98CD31A7D33A3005E54D8 /* MapKit.framework */; };
		891583DF1A7C97CC00E21648 /* Firebase.framework in Frameworks */ = {isa = PBXBuildFile; fileRef = 891583DE1A7C97CC00E21648 /* Firebase.framework */; };
		891583E11A7C97F000E21648 /* libicucore.dylib in Frameworks */ = {isa = PBXBuildFile; fileRef = 891583E01A7C97F000E21648 /* libicucore.dylib */; };
		891583E31A7C97F900E21648 /* libc++.dylib in Frameworks */ = {isa = PBXBuildFile; fileRef = 891583E21A7C97F900E21648 /* libc++.dylib */; };
		891583E51A7C980100E21648 /* CFNetwork.framework in Frameworks */ = {isa = PBXBuildFile; fileRef = 891583E41A7C980100E21648 /* CFNetwork.framework */; };
		891583E71A7C980800E21648 /* Security.framework in Frameworks */ = {isa = PBXBuildFile; fileRef = 891583E61A7C980800E21648 /* Security.framework */; };
		891583E91A7C981400E21648 /* SystemConfiguration.framework in Frameworks */ = {isa = PBXBuildFile; fileRef = 891583E81A7C981400E21648 /* SystemConfiguration.framework */; };
		891583EE1A7CA1D300E21648 /* LoginViewController.swift in Sources */ = {isa = PBXBuildFile; fileRef = 891583ED1A7CA1D300E21648 /* LoginViewController.swift */; };
		891583F01A7CA33300E21648 /* RegisterViewController.swift in Sources */ = {isa = PBXBuildFile; fileRef = 891583EF1A7CA33300E21648 /* RegisterViewController.swift */; };
		891583F71A7CA58000E21648 /* rootViewBG@2x.jpg in Resources */ = {isa = PBXBuildFile; fileRef = 891583F11A7CA58000E21648 /* rootViewBG@2x.jpg */; };
		891583F81A7CA58000E21648 /* rootViewBG@3x.jpg in Resources */ = {isa = PBXBuildFile; fileRef = 891583F21A7CA58000E21648 /* rootViewBG@3x.jpg */; };
		891583F91A7CA58000E21648 /* registerView@2x.jpg in Resources */ = {isa = PBXBuildFile; fileRef = 891583F31A7CA58000E21648 /* registerView@2x.jpg */; };
		891583FA1A7CA58000E21648 /* registerView@3x.jpg in Resources */ = {isa = PBXBuildFile; fileRef = 891583F41A7CA58000E21648 /* registerView@3x.jpg */; };
		891583FB1A7CA58000E21648 /* 3 - Pcap0hn@2x.jpg in Resources */ = {isa = PBXBuildFile; fileRef = 891583F51A7CA58000E21648 /* 3 - Pcap0hn@2x.jpg */; };
		891583FC1A7CA58000E21648 /* 3 - Pcap0hn@3x.jpg in Resources */ = {isa = PBXBuildFile; fileRef = 891583F61A7CA58000E21648 /* 3 - Pcap0hn@3x.jpg */; };
		891584001A7CBD9400E21648 /* loginbg.jpg in Resources */ = {isa = PBXBuildFile; fileRef = 891583FF1A7CBD9400E21648 /* loginbg.jpg */; };
		891584021A7CC39D00E21648 /* Logo.png in Resources */ = {isa = PBXBuildFile; fileRef = 891584011A7CC39D00E21648 /* Logo.png */; };
		891584081A7D32CF00E21648 /* logobetter.png in Resources */ = {isa = PBXBuildFile; fileRef = 891584071A7D32CF00E21648 /* logobetter.png */; };
		8915840A1A7D3F8400E21648 /* GeoFire.framework in Frameworks */ = {isa = PBXBuildFile; fileRef = 891584091A7D3F8400E21648 /* GeoFire.framework */; };
		8915840C1A7D458C00E21648 /* eventList.swift in Sources */ = {isa = PBXBuildFile; fileRef = 8915840B1A7D458C00E21648 /* eventList.swift */; };
		8915840E1A7D483000E21648 /* path7913.png in Resources */ = {isa = PBXBuildFile; fileRef = 8915840D1A7D483000E21648 /* path7913.png */; };
		891584101A7D48D800E21648 /* mapicon.png in Resources */ = {isa = PBXBuildFile; fileRef = 8915840F1A7D48D800E21648 /* mapicon.png */; };
		8915841A1A7D7E7800E21648 /* newestTent28by35.png in Resources */ = {isa = PBXBuildFile; fileRef = 891584191A7D7E7800E21648 /* newestTent28by35.png */; };
		89551FBE1A7C35C500F50FF0 /* AppDelegate.swift in Sources */ = {isa = PBXBuildFile; fileRef = 89551FBD1A7C35C500F50FF0 /* AppDelegate.swift */; };
		89551FC01A7C35C500F50FF0 /* RootViewController.swift in Sources */ = {isa = PBXBuildFile; fileRef = 89551FBF1A7C35C500F50FF0 /* RootViewController.swift */; };
		89551FC31A7C35C500F50FF0 /* Main.storyboard in Resources */ = {isa = PBXBuildFile; fileRef = 89551FC11A7C35C500F50FF0 /* Main.storyboard */; };
		89551FC51A7C35C500F50FF0 /* Images.xcassets in Resources */ = {isa = PBXBuildFile; fileRef = 89551FC41A7C35C500F50FF0 /* Images.xcassets */; };
		89551FC81A7C35C500F50FF0 /* LaunchScreen.xib in Resources */ = {isa = PBXBuildFile; fileRef = 89551FC61A7C35C500F50FF0 /* LaunchScreen.xib */; };
		89551FD41A7C35C500F50FF0 /* EventHypeTests.swift in Sources */ = {isa = PBXBuildFile; fileRef = 89551FD31A7C35C500F50FF0 /* EventHypeTests.swift */; };
/* End PBXBuildFile section */

/* Begin PBXContainerItemProxy section */
		89551FCE1A7C35C500F50FF0 /* PBXContainerItemProxy */ = {
			isa = PBXContainerItemProxy;
			containerPortal = 89551FB01A7C35C500F50FF0 /* Project object */;
			proxyType = 1;
			remoteGlobalIDString = 89551FB71A7C35C500F50FF0;
			remoteInfo = EventHype;
		};
/* End PBXContainerItemProxy section */

/* Begin PBXFileReference section */
		749109B01A7CCB0F00C2D332 /* CoreLocation.framework */ = {isa = PBXFileReference; lastKnownFileType = wrapper.framework; name = CoreLocation.framework; path = System/Library/Frameworks/CoreLocation.framework; sourceTree = SDKROOT; };
		74BEAF5C1A7D84DC00FED9CF /* NewEventViewController.swift */ = {isa = PBXFileReference; fileEncoding = 4; lastKnownFileType = sourcecode.swift; path = NewEventViewController.swift; sourceTree = "<group>"; };
		74C98CD31A7D33A3005E54D8 /* MapKit.framework */ = {isa = PBXFileReference; lastKnownFileType = wrapper.framework; name = MapKit.framework; path = System/Library/Frameworks/MapKit.framework; sourceTree = SDKROOT; };
		891583DE1A7C97CC00E21648 /* Firebase.framework */ = {isa = PBXFileReference; lastKnownFileType = wrapper.framework; path = Firebase.framework; sourceTree = "<group>"; };
		891583E01A7C97F000E21648 /* libicucore.dylib */ = {isa = PBXFileReference; lastKnownFileType = "compiled.mach-o.dylib"; name = libicucore.dylib; path = usr/lib/libicucore.dylib; sourceTree = SDKROOT; };
		891583E21A7C97F900E21648 /* libc++.dylib */ = {isa = PBXFileReference; lastKnownFileType = "compiled.mach-o.dylib"; name = "libc++.dylib"; path = "usr/lib/libc++.dylib"; sourceTree = SDKROOT; };
		891583E41A7C980100E21648 /* CFNetwork.framework */ = {isa = PBXFileReference; lastKnownFileType = wrapper.framework; name = CFNetwork.framework; path = System/Library/Frameworks/CFNetwork.framework; sourceTree = SDKROOT; };
		891583E61A7C980800E21648 /* Security.framework */ = {isa = PBXFileReference; lastKnownFileType = wrapper.framework; name = Security.framework; path = System/Library/Frameworks/Security.framework; sourceTree = SDKROOT; };
		891583E81A7C981400E21648 /* SystemConfiguration.framework */ = {isa = PBXFileReference; lastKnownFileType = wrapper.framework; name = SystemConfiguration.framework; path = System/Library/Frameworks/SystemConfiguration.framework; sourceTree = SDKROOT; };
		891583EA1A7C983E00E21648 /* EventHype-Bridging-Header.h */ = {isa = PBXFileReference; lastKnownFileType = sourcecode.c.h; path = "EventHype-Bridging-Header.h"; sourceTree = SOURCE_ROOT; };
		891583ED1A7CA1D300E21648 /* LoginViewController.swift */ = {isa = PBXFileReference; fileEncoding = 4; lastKnownFileType = sourcecode.swift; path = LoginViewController.swift; sourceTree = "<group>"; };
		891583EF1A7CA33300E21648 /* RegisterViewController.swift */ = {isa = PBXFileReference; fileEncoding = 4; lastKnownFileType = sourcecode.swift; path = RegisterViewController.swift; sourceTree = "<group>"; };
		891583F11A7CA58000E21648 /* rootViewBG@2x.jpg */ = {isa = PBXFileReference; lastKnownFileType = image.jpeg; path = "rootViewBG@2x.jpg"; sourceTree = "<group>"; };
		891583F21A7CA58000E21648 /* rootViewBG@3x.jpg */ = {isa = PBXFileReference; lastKnownFileType = image.jpeg; path = "rootViewBG@3x.jpg"; sourceTree = "<group>"; };
		891583F31A7CA58000E21648 /* registerView@2x.jpg */ = {isa = PBXFileReference; lastKnownFileType = image.jpeg; path = "registerView@2x.jpg"; sourceTree = "<group>"; };
		891583F41A7CA58000E21648 /* registerView@3x.jpg */ = {isa = PBXFileReference; lastKnownFileType = image.jpeg; path = "registerView@3x.jpg"; sourceTree = "<group>"; };
		891583F51A7CA58000E21648 /* 3 - Pcap0hn@2x.jpg */ = {isa = PBXFileReference; lastKnownFileType = image.jpeg; path = "3 - Pcap0hn@2x.jpg"; sourceTree = "<group>"; };
		891583F61A7CA58000E21648 /* 3 - Pcap0hn@3x.jpg */ = {isa = PBXFileReference; lastKnownFileType = image.jpeg; path = "3 - Pcap0hn@3x.jpg"; sourceTree = "<group>"; };
		891583FF1A7CBD9400E21648 /* loginbg.jpg */ = {isa = PBXFileReference; lastKnownFileType = image.jpeg; path = loginbg.jpg; sourceTree = "<group>"; };
		891584011A7CC39D00E21648 /* Logo.png */ = {isa = PBXFileReference; lastKnownFileType = image.png; path = Logo.png; sourceTree = "<group>"; };
		891584071A7D32CF00E21648 /* logobetter.png */ = {isa = PBXFileReference; lastKnownFileType = image.png; path = logobetter.png; sourceTree = "<group>"; };
		891584091A7D3F8400E21648 /* GeoFire.framework */ = {isa = PBXFileReference; lastKnownFileType = wrapper.framework; path = GeoFire.framework; sourceTree = "<group>"; };
		8915840B1A7D458C00E21648 /* eventList.swift */ = {isa = PBXFileReference; fileEncoding = 4; lastKnownFileType = sourcecode.swift; path = eventList.swift; sourceTree = "<group>"; };
		8915840D1A7D483000E21648 /* path7913.png */ = {isa = PBXFileReference; lastKnownFileType = image.png; path = path7913.png; sourceTree = "<group>"; };
		8915840F1A7D48D800E21648 /* mapicon.png */ = {isa = PBXFileReference; lastKnownFileType = image.png; path = mapicon.png; sourceTree = "<group>"; };
		891584191A7D7E7800E21648 /* newestTent28by35.png */ = {isa = PBXFileReference; lastKnownFileType = image.png; path = newestTent28by35.png; sourceTree = "<group>"; };
		89551FB81A7C35C500F50FF0 /* EventHype.app */ = {isa = PBXFileReference; explicitFileType = wrapper.application; includeInIndex = 0; path = EventHype.app; sourceTree = BUILT_PRODUCTS_DIR; };
		89551FBC1A7C35C500F50FF0 /* Info.plist */ = {isa = PBXFileReference; lastKnownFileType = text.plist.xml; path = Info.plist; sourceTree = "<group>"; };
		89551FBD1A7C35C500F50FF0 /* AppDelegate.swift */ = {isa = PBXFileReference; lastKnownFileType = sourcecode.swift; path = AppDelegate.swift; sourceTree = "<group>"; };
		89551FBF1A7C35C500F50FF0 /* RootViewController.swift */ = {isa = PBXFileReference; lastKnownFileType = sourcecode.swift; path = RootViewController.swift; sourceTree = "<group>"; };
		89551FC21A7C35C500F50FF0 /* Base */ = {isa = PBXFileReference; lastKnownFileType = file.storyboard; name = Base; path = Base.lproj/Main.storyboard; sourceTree = "<group>"; };
		89551FC41A7C35C500F50FF0 /* Images.xcassets */ = {isa = PBXFileReference; lastKnownFileType = folder.assetcatalog; path = Images.xcassets; sourceTree = "<group>"; };
		89551FC71A7C35C500F50FF0 /* Base */ = {isa = PBXFileReference; lastKnownFileType = file.xib; name = Base; path = Base.lproj/LaunchScreen.xib; sourceTree = "<group>"; };
		89551FCD1A7C35C500F50FF0 /* EventHypeTests.xctest */ = {isa = PBXFileReference; explicitFileType = wrapper.cfbundle; includeInIndex = 0; path = EventHypeTests.xctest; sourceTree = BUILT_PRODUCTS_DIR; };
		89551FD21A7C35C500F50FF0 /* Info.plist */ = {isa = PBXFileReference; lastKnownFileType = text.plist.xml; path = Info.plist; sourceTree = "<group>"; };
		89551FD31A7C35C500F50FF0 /* EventHypeTests.swift */ = {isa = PBXFileReference; lastKnownFileType = sourcecode.swift; path = EventHypeTests.swift; sourceTree = "<group>"; };
/* End PBXFileReference section */

/* Begin PBXFrameworksBuildPhase section */
		89551FB51A7C35C500F50FF0 /* Frameworks */ = {
			isa = PBXFrameworksBuildPhase;
			buildActionMask = 2147483647;
			files = (
				74C98CD41A7D33A3005E54D8 /* MapKit.framework in Frameworks */,
				749109B11A7CCB0F00C2D332 /* CoreLocation.framework in Frameworks */,
				8915840A1A7D3F8400E21648 /* GeoFire.framework in Frameworks */,
				891583E91A7C981400E21648 /* SystemConfiguration.framework in Frameworks */,
				891583E71A7C980800E21648 /* Security.framework in Frameworks */,
				891583E51A7C980100E21648 /* CFNetwork.framework in Frameworks */,
				891583E31A7C97F900E21648 /* libc++.dylib in Frameworks */,
				891583E11A7C97F000E21648 /* libicucore.dylib in Frameworks */,
				891583DF1A7C97CC00E21648 /* Firebase.framework in Frameworks */,
			);
			runOnlyForDeploymentPostprocessing = 0;
		};
		89551FCA1A7C35C500F50FF0 /* Frameworks */ = {
			isa = PBXFrameworksBuildPhase;
			buildActionMask = 2147483647;
			files = (
			);
			runOnlyForDeploymentPostprocessing = 0;
		};
/* End PBXFrameworksBuildPhase section */

/* Begin PBXGroup section */
		89551FAF1A7C35C500F50FF0 = {
			isa = PBXGroup;
			children = (
				891584091A7D3F8400E21648 /* GeoFire.framework */,
				74C98CD31A7D33A3005E54D8 /* MapKit.framework */,
				749109B01A7CCB0F00C2D332 /* CoreLocation.framework */,
				891583E81A7C981400E21648 /* SystemConfiguration.framework */,
				891583E61A7C980800E21648 /* Security.framework */,
				891583E41A7C980100E21648 /* CFNetwork.framework */,
				891583E21A7C97F900E21648 /* libc++.dylib */,
				891583E01A7C97F000E21648 /* libicucore.dylib */,
				891583DE1A7C97CC00E21648 /* Firebase.framework */,
				89551FBA1A7C35C500F50FF0 /* EventHype */,
				89551FD01A7C35C500F50FF0 /* EventHypeTests */,
				89551FB91A7C35C500F50FF0 /* Products */,
			);
			sourceTree = "<group>";
		};
		89551FB91A7C35C500F50FF0 /* Products */ = {
			isa = PBXGroup;
			children = (
				89551FB81A7C35C500F50FF0 /* EventHype.app */,
				89551FCD1A7C35C500F50FF0 /* EventHypeTests.xctest */,
			);
			name = Products;
			sourceTree = "<group>";
		};
		89551FBA1A7C35C500F50FF0 /* EventHype */ = {
			isa = PBXGroup;
			children = (
				891584191A7D7E7800E21648 /* newestTent28by35.png */,
				8915840F1A7D48D800E21648 /* mapicon.png */,
				8915840D1A7D483000E21648 /* path7913.png */,
				891584071A7D32CF00E21648 /* logobetter.png */,
				891584011A7CC39D00E21648 /* Logo.png */,
				891583FF1A7CBD9400E21648 /* loginbg.jpg */,
				891583F11A7CA58000E21648 /* rootViewBG@2x.jpg */,
				891583F21A7CA58000E21648 /* rootViewBG@3x.jpg */,
				891583F31A7CA58000E21648 /* registerView@2x.jpg */,
				891583F41A7CA58000E21648 /* registerView@3x.jpg */,
				891583F51A7CA58000E21648 /* 3 - Pcap0hn@2x.jpg */,
				891583F61A7CA58000E21648 /* 3 - Pcap0hn@3x.jpg */,
				89551FBD1A7C35C500F50FF0 /* AppDelegate.swift */,
				89551FBF1A7C35C500F50FF0 /* RootViewController.swift */,
				74BEAF5C1A7D84DC00FED9CF /* NewEventViewController.swift */,
				89551FC11A7C35C500F50FF0 /* Main.storyboard */,
				8915840B1A7D458C00E21648 /* eventList.swift */,
				891583EF1A7CA33300E21648 /* RegisterViewController.swift */,
				891583ED1A7CA1D300E21648 /* LoginViewController.swift */,
				89551FC41A7C35C500F50FF0 /* Images.xcassets */,
				89551FC61A7C35C500F50FF0 /* LaunchScreen.xib */,
				89551FBB1A7C35C500F50FF0 /* Supporting Files */,
			);
			path = EventHype;
			sourceTree = "<group>";
		};
		89551FBB1A7C35C500F50FF0 /* Supporting Files */ = {
			isa = PBXGroup;
			children = (
				891583EA1A7C983E00E21648 /* EventHype-Bridging-Header.h */,
				89551FBC1A7C35C500F50FF0 /* Info.plist */,
			);
			name = "Supporting Files";
			sourceTree = "<group>";
		};
		89551FD01A7C35C500F50FF0 /* EventHypeTests */ = {
			isa = PBXGroup;
			children = (
				89551FD31A7C35C500F50FF0 /* EventHypeTests.swift */,
				89551FD11A7C35C500F50FF0 /* Supporting Files */,
			);
			path = EventHypeTests;
			sourceTree = "<group>";
		};
		89551FD11A7C35C500F50FF0 /* Supporting Files */ = {
			isa = PBXGroup;
			children = (
				89551FD21A7C35C500F50FF0 /* Info.plist */,
			);
			name = "Supporting Files";
			sourceTree = "<group>";
		};
/* End PBXGroup section */

/* Begin PBXNativeTarget section */
		89551FB71A7C35C500F50FF0 /* EventHype */ = {
			isa = PBXNativeTarget;
			buildConfigurationList = 89551FD71A7C35C500F50FF0 /* Build configuration list for PBXNativeTarget "EventHype" */;
			buildPhases = (
				89551FB41A7C35C500F50FF0 /* Sources */,
				89551FB51A7C35C500F50FF0 /* Frameworks */,
				89551FB61A7C35C500F50FF0 /* Resources */,
			);
			buildRules = (
			);
			dependencies = (
			);
			name = EventHype;
			productName = EventHype;
			productReference = 89551FB81A7C35C500F50FF0 /* EventHype.app */;
			productType = "com.apple.product-type.application";
		};
		89551FCC1A7C35C500F50FF0 /* EventHypeTests */ = {
			isa = PBXNativeTarget;
			buildConfigurationList = 89551FDA1A7C35C500F50FF0 /* Build configuration list for PBXNativeTarget "EventHypeTests" */;
			buildPhases = (
				89551FC91A7C35C500F50FF0 /* Sources */,
				89551FCA1A7C35C500F50FF0 /* Frameworks */,
				89551FCB1A7C35C500F50FF0 /* Resources */,
			);
			buildRules = (
			);
			dependencies = (
				89551FCF1A7C35C500F50FF0 /* PBXTargetDependency */,
			);
			name = EventHypeTests;
			productName = EventHypeTests;
			productReference = 89551FCD1A7C35C500F50FF0 /* EventHypeTests.xctest */;
			productType = "com.apple.product-type.bundle.unit-test";
		};
/* End PBXNativeTarget section */

/* Begin PBXProject section */
		89551FB01A7C35C500F50FF0 /* Project object */ = {
			isa = PBXProject;
			attributes = {
				LastUpgradeCheck = 0610;
				ORGANIZATIONNAME = SBHacks;
				TargetAttributes = {
					89551FB71A7C35C500F50FF0 = {
						CreatedOnToolsVersion = 6.1.1;
					};
					89551FCC1A7C35C500F50FF0 = {
						CreatedOnToolsVersion = 6.1.1;
						TestTargetID = 89551FB71A7C35C500F50FF0;
					};
				};
			};
			buildConfigurationList = 89551FB31A7C35C500F50FF0 /* Build configuration list for PBXProject "EventHype" */;
			compatibilityVersion = "Xcode 3.2";
			developmentRegion = English;
			hasScannedForEncodings = 0;
			knownRegions = (
				en,
				Base,
			);
			mainGroup = 89551FAF1A7C35C500F50FF0;
			productRefGroup = 89551FB91A7C35C500F50FF0 /* Products */;
			projectDirPath = "";
			projectRoot = "";
			targets = (
				89551FB71A7C35C500F50FF0 /* EventHype */,
				89551FCC1A7C35C500F50FF0 /* EventHypeTests */,
			);
		};
/* End PBXProject section */

/* Begin PBXResourcesBuildPhase section */
		89551FB61A7C35C500F50FF0 /* Resources */ = {
			isa = PBXResourcesBuildPhase;
			buildActionMask = 2147483647;
			files = (
				89551FC31A7C35C500F50FF0 /* Main.storyboard in Resources */,
				891583FA1A7CA58000E21648 /* registerView@3x.jpg in Resources */,
				8915840E1A7D483000E21648 /* path7913.png in Resources */,
				891584001A7CBD9400E21648 /* loginbg.jpg in Resources */,
				89551FC81A7C35C500F50FF0 /* LaunchScreen.xib in Resources */,
				891584101A7D48D800E21648 /* mapicon.png in Resources */,
				8915841A1A7D7E7800E21648 /* newestTent28by35.png in Resources */,
				891584021A7CC39D00E21648 /* Logo.png in Resources */,
				891583F91A7CA58000E21648 /* registerView@2x.jpg in Resources */,
				891583F81A7CA58000E21648 /* rootViewBG@3x.jpg in Resources */,
				891583FB1A7CA58000E21648 /* 3 - Pcap0hn@2x.jpg in Resources */,
				891584081A7D32CF00E21648 /* logobetter.png in Resources */,
				891583FC1A7CA58000E21648 /* 3 - Pcap0hn@3x.jpg in Resources */,
				891583F71A7CA58000E21648 /* rootViewBG@2x.jpg in Resources */,
				89551FC51A7C35C500F50FF0 /* Images.xcassets in Resources */,
			);
			runOnlyForDeploymentPostprocessing = 0;
		};
		89551FCB1A7C35C500F50FF0 /* Resources */ = {
			isa = PBXResourcesBuildPhase;
			buildActionMask = 2147483647;
			files = (
			);
			runOnlyForDeploymentPostprocessing = 0;
		};
/* End PBXResourcesBuildPhase section */

/* Begin PBXSourcesBuildPhase section */
		89551FB41A7C35C500F50FF0 /* Sources */ = {
			isa = PBXSourcesBuildPhase;
			buildActionMask = 2147483647;
			files = (
				891583EE1A7CA1D300E21648 /* LoginViewController.swift in Sources */,
				8915840C1A7D458C00E21648 /* eventList.swift in Sources */,
				89551FC01A7C35C500F50FF0 /* RootViewController.swift in Sources */,
				89551FBE1A7C35C500F50FF0 /* AppDelegate.swift in Sources */,
				74BEAF5D1A7D84DC00FED9CF /* NewEventViewController.swift in Sources */,
				891583F01A7CA33300E21648 /* RegisterViewController.swift in Sources */,
			);
			runOnlyForDeploymentPostprocessing = 0;
		};
		89551FC91A7C35C500F50FF0 /* Sources */ = {
			isa = PBXSourcesBuildPhase;
			buildActionMask = 2147483647;
			files = (
				89551FD41A7C35C500F50FF0 /* EventHypeTests.swift in Sources */,
			);
			runOnlyForDeploymentPostprocessing = 0;
		};
/* End PBXSourcesBuildPhase section */

/* Begin PBXTargetDependency section */
		89551FCF1A7C35C500F50FF0 /* PBXTargetDependency */ = {
			isa = PBXTargetDependency;
			target = 89551FB71A7C35C500F50FF0 /* EventHype */;
			targetProxy = 89551FCE1A7C35C500F50FF0 /* PBXContainerItemProxy */;
		};
/* End PBXTargetDependency section */

/* Begin PBXVariantGroup section */
		89551FC11A7C35C500F50FF0 /* Main.storyboard */ = {
			isa = PBXVariantGroup;
			children = (
				89551FC21A7C35C500F50FF0 /* Base */,
			);
			name = Main.storyboard;
			sourceTree = "<group>";
		};
		89551FC61A7C35C500F50FF0 /* LaunchScreen.xib */ = {
			isa = PBXVariantGroup;
			children = (
				89551FC71A7C35C500F50FF0 /* Base */,
			);
			name = LaunchScreen.xib;
			sourceTree = "<group>";
		};
/* End PBXVariantGroup section */

/* Begin XCBuildConfiguration section */
		89551FD51A7C35C500F50FF0 /* Debug */ = {
			isa = XCBuildConfiguration;
			buildSettings = {
				ALWAYS_SEARCH_USER_PATHS = NO;
				CLANG_CXX_LANGUAGE_STANDARD = "gnu++0x";
				CLANG_CXX_LIBRARY = "libc++";
				CLANG_ENABLE_MODULES = YES;
				CLANG_ENABLE_OBJC_ARC = YES;
				CLANG_WARN_BOOL_CONVERSION = YES;
				CLANG_WARN_CONSTANT_CONVERSION = YES;
				CLANG_WARN_DIRECT_OBJC_ISA_USAGE = YES_ERROR;
				CLANG_WARN_EMPTY_BODY = YES;
				CLANG_WARN_ENUM_CONVERSION = YES;
				CLANG_WARN_INT_CONVERSION = YES;
				CLANG_WARN_OBJC_ROOT_CLASS = YES_ERROR;
				CLANG_WARN_UNREACHABLE_CODE = YES;
				CLANG_WARN__DUPLICATE_METHOD_MATCH = YES;
				"CODE_SIGN_IDENTITY[sdk=iphoneos*]" = "iPhone Developer";
				COPY_PHASE_STRIP = NO;
				ENABLE_STRICT_OBJC_MSGSEND = YES;
				GCC_C_LANGUAGE_STANDARD = gnu99;
				GCC_DYNAMIC_NO_PIC = NO;
				GCC_OPTIMIZATION_LEVEL = 0;
				GCC_PREPROCESSOR_DEFINITIONS = (
					"DEBUG=1",
					"$(inherited)",
				);
				GCC_SYMBOLS_PRIVATE_EXTERN = NO;
				GCC_WARN_64_TO_32_BIT_CONVERSION = YES;
				GCC_WARN_ABOUT_RETURN_TYPE = YES_ERROR;
				GCC_WARN_UNDECLARED_SELECTOR = YES;
				GCC_WARN_UNINITIALIZED_AUTOS = YES_AGGRESSIVE;
				GCC_WARN_UNUSED_FUNCTION = YES;
				GCC_WARN_UNUSED_VARIABLE = YES;
				IPHONEOS_DEPLOYMENT_TARGET = 8.1;
				MTL_ENABLE_DEBUG_INFO = YES;
				ONLY_ACTIVE_ARCH = YES;
				SDKROOT = iphoneos;
				SWIFT_OPTIMIZATION_LEVEL = "-Onone";
			};
			name = Debug;
		};
		89551FD61A7C35C500F50FF0 /* Release */ = {
			isa = XCBuildConfiguration;
			buildSettings = {
				ALWAYS_SEARCH_USER_PATHS = NO;
				CLANG_CXX_LANGUAGE_STANDARD = "gnu++0x";
				CLANG_CXX_LIBRARY = "libc++";
				CLANG_ENABLE_MODULES = YES;
				CLANG_ENABLE_OBJC_ARC = YES;
				CLANG_WARN_BOOL_CONVERSION = YES;
				CLANG_WARN_CONSTANT_CONVERSION = YES;
				CLANG_WARN_DIRECT_OBJC_ISA_USAGE = YES_ERROR;
				CLANG_WARN_EMPTY_BODY = YES;
				CLANG_WARN_ENUM_CONVERSION = YES;
				CLANG_WARN_INT_CONVERSION = YES;
				CLANG_WARN_OBJC_ROOT_CLASS = YES_ERROR;
				CLANG_WARN_UNREACHABLE_CODE = YES;
				CLANG_WARN__DUPLICATE_METHOD_MATCH = YES;
				"CODE_SIGN_IDENTITY[sdk=iphoneos*]" = "iPhone Developer";
				COPY_PHASE_STRIP = YES;
				ENABLE_NS_ASSERTIONS = NO;
				ENABLE_STRICT_OBJC_MSGSEND = YES;
				GCC_C_LANGUAGE_STANDARD = gnu99;
				GCC_WARN_64_TO_32_BIT_CONVERSION = YES;
				GCC_WARN_ABOUT_RETURN_TYPE = YES_ERROR;
				GCC_WARN_UNDECLARED_SELECTOR = YES;
				GCC_WARN_UNINITIALIZED_AUTOS = YES_AGGRESSIVE;
				GCC_WARN_UNUSED_FUNCTION = YES;
				GCC_WARN_UNUSED_VARIABLE = YES;
				IPHONEOS_DEPLOYMENT_TARGET = 8.1;
				MTL_ENABLE_DEBUG_INFO = NO;
				SDKROOT = iphoneos;
				VALIDATE_PRODUCT = YES;
			};
			name = Release;
		};
		89551FD81A7C35C500F50FF0 /* Debug */ = {
			isa = XCBuildConfiguration;
			buildSettings = {
				ASSETCATALOG_COMPILER_APPICON_NAME = AppIcon;
				CLANG_ENABLE_MODULES = YES;
				FRAMEWORK_SEARCH_PATHS = (
					"$(inherited)",
					"$(PROJECT_DIR)",
					/Users/Turbs/Downloads,
				);
				INFOPLIST_FILE = EventHype/Info.plist;
				LD_RUNPATH_SEARCH_PATHS = "$(inherited) @executable_path/Frameworks";
				OTHER_LDFLAGS = "-ObjC";
				PRODUCT_NAME = "$(TARGET_NAME)";
				SWIFT_OBJC_BRIDGING_HEADER = "EventHype-Bridging-Header.h";
				SWIFT_OPTIMIZATION_LEVEL = "-Onone";
			};
			name = Debug;
		};
		89551FD91A7C35C500F50FF0 /* Release */ = {
			isa = XCBuildConfiguration;
			buildSettings = {
				ASSETCATALOG_COMPILER_APPICON_NAME = AppIcon;
				CLANG_ENABLE_MODULES = YES;
				FRAMEWORK_SEARCH_PATHS = (
					"$(inherited)",
					"$(PROJECT_DIR)",
					/Users/Turbs/Downloads,
				);
				INFOPLIST_FILE = EventHype/Info.plist;
				LD_RUNPATH_SEARCH_PATHS = "$(inherited) @executable_path/Frameworks";
				OTHER_LDFLAGS = "-ObjC";
				PRODUCT_NAME = "$(TARGET_NAME)";
				SWIFT_OBJC_BRIDGING_HEADER = "EventHype-Bridging-Header.h";
			};
			name = Release;
		};
		89551FDB1A7C35C500F50FF0 /* Debug */ = {
			isa = XCBuildConfiguration;
			buildSettings = {
				BUNDLE_LOADER = "$(TEST_HOST)";
				FRAMEWORK_SEARCH_PATHS = (
					"$(SDKROOT)/Developer/Library/Frameworks",
					"$(inherited)",
				);
				GCC_PREPROCESSOR_DEFINITIONS = (
					"DEBUG=1",
					"$(inherited)",
				);
				INFOPLIST_FILE = EventHypeTests/Info.plist;
				LD_RUNPATH_SEARCH_PATHS = "$(inherited) @executable_path/Frameworks @loader_path/Frameworks";
				PRODUCT_NAME = "$(TARGET_NAME)";
				TEST_HOST = "$(BUILT_PRODUCTS_DIR)/EventHype.app/EventHype";
			};
			name = Debug;
		};
		89551FDC1A7C35C500F50FF0 /* Release */ = {
			isa = XCBuildConfiguration;
			buildSettings = {
				BUNDLE_LOADER = "$(TEST_HOST)";
				FRAMEWORK_SEARCH_PATHS = (
					"$(SDKROOT)/Developer/Library/Frameworks",
					"$(inherited)",
				);
				INFOPLIST_FILE = EventHypeTests/Info.plist;
				LD_RUNPATH_SEARCH_PATHS = "$(inherited) @executable_path/Frameworks @loader_path/Frameworks";
				PRODUCT_NAME = "$(TARGET_NAME)";
				TEST_HOST = "$(BUILT_PRODUCTS_DIR)/EventHype.app/EventHype";
			};
			name = Release;
		};
/* End XCBuildConfiguration section */

/* Begin XCConfigurationList section */
		89551FB31A7C35C500F50FF0 /* Build configuration list for PBXProject "EventHype" */ = {
			isa = XCConfigurationList;
			buildConfigurations = (
				89551FD51A7C35C500F50FF0 /* Debug */,
				89551FD61A7C35C500F50FF0 /* Release */,
			);
			defaultConfigurationIsVisible = 0;
			defaultConfigurationName = Release;
		};
		89551FD71A7C35C500F50FF0 /* Build configuration list for PBXNativeTarget "EventHype" */ = {
			isa = XCConfigurationList;
			buildConfigurations = (
				89551FD81A7C35C500F50FF0 /* Debug */,
				89551FD91A7C35C500F50FF0 /* Release */,
			);
			defaultConfigurationIsVisible = 0;
			defaultConfigurationName = Release;
		};
		89551FDA1A7C35C500F50FF0 /* Build configuration list for PBXNativeTarget "EventHypeTests" */ = {
			isa = XCConfigurationList;
			buildConfigurations = (
				89551FDB1A7C35C500F50FF0 /* Debug */,
				89551FDC1A7C35C500F50FF0 /* Release */,
			);
			defaultConfigurationIsVisible = 0;
			defaultConfigurationName = Release;
		};
/* End XCConfigurationList section */
	};
	rootObject = 89551FB01A7C35C500F50FF0 /* Project object */;
}
